
Microsoft Visual Studio Solution File, Format Version 12.00
# Visual Studio 15
VisualStudioVersion = 15.0.27130.2026
MinimumVisualStudioVersion = 10.0.40219.1
Project("{FAE04EC0-301F-11D3-BF4B-00C04F79EFBC}") = "VideoGameLibrary", "VideoGameLibrary\VideoGameLibrary.csproj", "{3D36C816-7A96-4080-A236-99840D76A8CE}"
EndProject
Global
	GlobalSection(SolutionConfigurationPlatforms) = preSolution
		Debug|Any CPU = Debug|Any CPU
		Release|Any CPU = Release|Any CPU
	EndGlobalSection
	GlobalSection(ProjectConfigurationPlatforms) = postSolution
		{3D36C816-7A96-4080-A236-99840D76A8CE}.Debug|Any CPU.ActiveCfg = Debug|Any CPU
		{3D36C816-7A96-4080-A236-99840D76A8CE}.Debug|Any CPU.Build.0 = Debug|Any CPU
		{3D36C816-7A96-4080-A236-99840D76A8CE}.Release|Any CPU.ActiveCfg = Release|Any CPU
		{3D36C816-7A96-4080-A236-99840D76A8CE}.Release|Any CPU.Build.0 = Release|Any CPU
	EndGlobalSection
	GlobalSection(SolutionProperties) = preSolution
		HideSolutionNode = FALSE
	EndGlobalSection
	GlobalSection(ExtensibilityGlobals) = postSolution
		SolutionGuid = {3033CB97-FE70-4FBE-8312-ECF6AF15EEB1}
	EndGlobalSection
EndGlobal
